
Microsoft Visual Studio Solution File, Format Version 12.00
# Visual Studio Version 17
VisualStudioVersion = 17.2.32516.85
MinimumVisualStudioVersion = 10.0.40219.1
Project("{FAE04EC0-301F-11D3-BF4B-00C04F79EFBC}") = "GroupProject_PRG281", "GroupProject_PRG281\GroupProject_PRG281.csproj", "{5B3DE36B-3784-4B82-BD46-5FBC045B549B}"
EndProject
Global
	GlobalSection(SolutionConfigurationPlatforms) = preSolution
		Debug|Any CPU = Debug|Any CPU
		Release|Any CPU = Release|Any CPU
	EndGlobalSection
	GlobalSection(ProjectConfigurationPlatforms) = postSolution
		{5B3DE36B-3784-4B82-BD46-5FBC045B549B}.Debug|Any CPU.ActiveCfg = Debug|Any CPU
		{5B3DE36B-3784-4B82-BD46-5FBC045B549B}.Debug|Any CPU.Build.0 = Debug|Any CPU
		{5B3DE36B-3784-4B82-BD46-5FBC045B549B}.Release|Any CPU.ActiveCfg = Release|Any CPU
		{5B3DE36B-3784-4B82-BD46-5FBC045B549B}.Release|Any CPU.Build.0 = Release|Any CPU
	EndGlobalSection
	GlobalSection(SolutionProperties) = preSolution
		HideSolutionNode = FALSE
	EndGlobalSection
	GlobalSection(ExtensibilityGlobals) = postSolution
		SolutionGuid = {82CCEFC3-0EAF-4FFC-AAE1-3D47596392A5}
	EndGlobalSection
EndGlobal
